<Project xmlns="http://schemas.microsoft.com/developer/msbuild/2003">
    <PropertyGroup>
        <ProjectGuid>{F31D0E23-9928-4E7E-B287-5F5EBC98C583}</ProjectGuid>
        <MainSource>FidoCore.dpk</MainSource>
        <Base>True</Base>
        <Config Condition="'$(Config)'==''">Debug</Config>
        <TargetedPlatforms>1025</TargetedPlatforms>
        <AppType>Package</AppType>
        <FrameworkType>None</FrameworkType>
        <ProjectVersion>18.4</ProjectVersion>
        <Platform Condition="'$(Platform)'==''">Win32</Platform>
    </PropertyGroup>
    <PropertyGroup Condition="'$(Config)'=='Base' or '$(Base)'!=''">
        <Base>true</Base>
    </PropertyGroup>
    <PropertyGroup Condition="('$(Platform)'=='Android' and '$(Base)'=='true') or '$(Base_Android)'!=''">
        <Base_Android>true</Base_Android>
        <CfgParent>Base</CfgParent>
        <Base>true</Base>
    </PropertyGroup>
    <PropertyGroup Condition="('$(Platform)'=='Win32' and '$(Base)'=='true') or '$(Base_Win32)'!=''">
        <Base_Win32>true</Base_Win32>
        <CfgParent>Base</CfgParent>
        <Base>true</Base>
    </PropertyGroup>
    <PropertyGroup Condition="'$(Config)'=='Release' or '$(Cfg_1)'!=''">
        <Cfg_1>true</Cfg_1>
        <CfgParent>Base</CfgParent>
        <Base>true</Base>
    </PropertyGroup>
    <PropertyGroup Condition="'$(Config)'=='Debug' or '$(Cfg_2)'!=''">
        <Cfg_2>true</Cfg_2>
        <CfgParent>Base</CfgParent>
        <Base>true</Base>
    </PropertyGroup>
    <PropertyGroup Condition="('$(Platform)'=='iOSDevice64' and '$(Cfg_2)'=='true') or '$(Cfg_2_iOSDevice64)'!=''">
        <Cfg_2_iOSDevice64>true</Cfg_2_iOSDevice64>
        <CfgParent>Cfg_2</CfgParent>
        <Cfg_2>true</Cfg_2>
        <Base>true</Base>
    </PropertyGroup>
    <PropertyGroup Condition="'$(Base)'!=''">
        <DCC_E>false</DCC_E>
        <DCC_F>false</DCC_F>
        <DCC_K>false</DCC_K>
        <DCC_N>false</DCC_N>
        <DCC_S>false</DCC_S>
        <DCC_ImageBase>00400000</DCC_ImageBase>
        <GenDll>true</GenDll>
        <GenPackage>true</GenPackage>
        <SanitizedProjectName>FidoCore</SanitizedProjectName>
        <RuntimeOnlyPackage>true</RuntimeOnlyPackage>
        <VerInfo_Locale>8192</VerInfo_Locale>
        <VerInfo_Keys>CompanyName=;FileDescription=;FileVersion=1.0.0.0;InternalName=;LegalCopyright=;LegalTrademarks=;OriginalFilename=;ProductName=;ProductVersion=1.0.0.0;Comments=;CFBundleName=</VerInfo_Keys>
        <DCC_Namespace>System;Xml;Data;Datasnap;Web;Soap;dxEMF.DataProvider;Winapi;$(DCC_Namespace)</DCC_Namespace>
    </PropertyGroup>
    <PropertyGroup Condition="'$(Base_Android)'!=''">
        <VerInfo_Keys>package=com.embarcadero.$(MSBuildProjectName);label=$(MSBuildProjectName);versionCode=1;versionName=1.0.0;persistent=False;restoreAnyVersion=False;installLocation=auto;largeHeap=False;theme=TitleBar;hardwareAccelerated=true;apiKey=</VerInfo_Keys>
        <BT_BuildType>Debug</BT_BuildType>
        <EnabledSysJars>android-support-v4.dex.jar;cloud-messaging.dex.jar;fmx.dex.jar;google-analytics-v2.dex.jar;google-play-billing.dex.jar;google-play-licensing.dex.jar;google-play-services-ads-7.0.0.dex.jar;google-play-services-analytics-7.0.0.dex.jar;google-play-services-base-7.0.0.dex.jar;google-play-services-gcm-7.0.0.dex.jar;google-play-services-identity-7.0.0.dex.jar;google-play-services-maps-7.0.0.dex.jar;google-play-services-panorama-7.0.0.dex.jar;google-play-services-plus-7.0.0.dex.jar;google-play-services-wallet-7.0.0.dex.jar</EnabledSysJars>
    </PropertyGroup>
    <PropertyGroup Condition="'$(Base_Win32)'!=''">
        <DCC_Namespace>System.Win;Data.Win;Datasnap.Win;Web.Win;Soap.Win;Xml.Win;Bde;$(DCC_Namespace)</DCC_Namespace>
        <BT_BuildType>Debug</BT_BuildType>
        <VerInfo_IncludeVerInfo>true</VerInfo_IncludeVerInfo>
        <VerInfo_Keys>CompanyName=;FileDescription=$(MSBuildProjectName);FileVersion=1.0.0.0;InternalName=;LegalCopyright=;LegalTrademarks=;OriginalFilename=;ProductName=$(MSBuildProjectName);ProductVersion=1.0.0.0;Comments=;ProgramID=com.embarcadero.$(MSBuildProjectName)</VerInfo_Keys>
        <VerInfo_Locale>1033</VerInfo_Locale>
    </PropertyGroup>
    <PropertyGroup Condition="'$(Cfg_1)'!=''">
        <DCC_Define>RELEASE;$(DCC_Define)</DCC_Define>
        <DCC_DebugInformation>0</DCC_DebugInformation>
        <DCC_LocalDebugSymbols>false</DCC_LocalDebugSymbols>
        <DCC_SymbolReferenceInfo>0</DCC_SymbolReferenceInfo>
    </PropertyGroup>
    <PropertyGroup Condition="'$(Cfg_2)'!=''">
        <DCC_Define>DEBUG;$(DCC_Define)</DCC_Define>
        <DCC_Optimize>false</DCC_Optimize>
        <DCC_GenerateStackFrames>true</DCC_GenerateStackFrames>
    </PropertyGroup>
    <PropertyGroup Condition="'$(Cfg_2_iOSDevice64)'!=''">
        <BT_BuildType>Debug</BT_BuildType>
    </PropertyGroup>
    <ItemGroup>
        <DelphiCompile Include="$(MainSource)">
            <MainSource>MainSource</MainSource>
        </DelphiCompile>
        <DCCReference Include="rtl.dcp"/>
        <DCCReference Include="dbrtl.dcp"/>
        <DCCReference Include="CustomIPTransport.dcp"/>
        <DCCReference Include="IndySystem.dcp"/>
        <DCCReference Include="IndyProtocols.dcp"/>
        <DCCReference Include="IndyCore.dcp"/>
        <DCCReference Include="bindengine.dcp"/>
        <DCCReference Include="bindcomp.dcp"/>
        <DCCReference Include="RESTComponents.dcp"/>
        <DCCReference Include="Spring.Base.dcp"/>
        <DCCReference Include="Spring.Core.dcp"/>
        <DCCReference Include="Spring.Data.dcp"/>
        <DCCReference Include="JOSE.dcp"/>
        <DCCReference Include="DbxCommonDriver.dcp"/>
        <DCCReference Include="IndyIPCommon.dcp"/>
        <DCCReference Include="IndyIPClient.dcp"/>
        <DCCReference Include="FireDAC.dcp"/>
        <DCCReference Include="FireDACCommonDriver.dcp"/>
        <DCCReference Include="FireDACCommon.dcp"/>
        <DCCReference Include="Collections\Fido.Collections.DeepObservableList.pas"/>
        <DCCReference Include="Collections\Fido.Collections.pas"/>
        <DCCReference Include="Collections\Fido.Collections.DeepObservableList.Intf.pas"/>
        <DCCReference Include="DesignPatterns\Fido.DesignPatterns.Observable.Delegated.pas"/>
        <DCCReference Include="DesignPatterns\Fido.DesignPatterns.Observable.Intf.pas"/>
        <DCCReference Include="DesignPatterns\Fido.DesignPatterns.Observer.Intf.pas"/>
        <DCCReference Include="DesignPatterns\Fido.DesignPatterns.Observer.Notification.Intf.pas"/>
        <DCCReference Include="DesignPatterns\Fido.DesignPatterns.Observer.Notification.pas"/>
        <DCCReference Include="Environment\Fido.Environment.Intf.pas"/>
        <DCCReference Include="Environment\Fido.Environment.pas"/>
        <DCCReference Include="Environment\Fido.Environment.Vault.pas"/>
        <DCCReference Include="Http\Fido.Http.Request.Intf.pas"/>
        <DCCReference Include="Http\Fido.Http.Request.pas"/>
        <DCCReference Include="Http\Fido.Http.Response.Intf.pas"/>
        <DCCReference Include="Http\Fido.Http.Response.pas"/>
        <DCCReference Include="Http\Fido.Http.Types.pas"/>
        <DCCReference Include="Interfaces\Fido.NamedObject.Intf.pas"/>
        <DCCReference Include="JWT\Fido.JWT.Manager.Intf.pas"/>
        <DCCReference Include="JWT\Fido.JWT.Manager.pas"/>
        <DCCReference Include="Logging\Fido.Logging.Appenders.ElasticSearch.pas"/>
        <DCCReference Include="Resources\Fido.Resource.StreamReader.Intf.pas"/>
        <DCCReference Include="Resources\Fido.Resource.StreamReader.pas"/>
        <DCCReference Include="Resources\Fido.Resource.StringReader.Intf.pas"/>
        <DCCReference Include="Resources\Fido.Resource.StringReader.pas"/>
        <DCCReference Include="Testing\Fido.Testing.BaseDB.pas"/>
        <DCCReference Include="Testing\Fido.Testing.Mock.Utils.pas"/>
        <DCCReference Include="VirtualStatement\Fido.StatementExecutor.Abstract.pas"/>
        <DCCReference Include="VirtualStatement\Fido.StatementExecutor.Intf.pas"/>
        <DCCReference Include="VirtualStatement\Fido.VirtualQuery.Attributes.pas"/>
        <DCCReference Include="VirtualStatement\Fido.VirtualQuery.Intf.pas"/>
        <DCCReference Include="VirtualStatement\Fido.VirtualQuery.Metadata.Intf.pas"/>
        <DCCReference Include="VirtualStatement\Fido.VirtualQuery.pas"/>
        <DCCReference Include="Web\Server\Fido.Web.Server.Abstract.pas"/>
        <DCCReference Include="Web\Server\Fido.Web.Server.Files.pas"/>
        <DCCReference Include="Web\Server\Fido.Web.Server.Interpreter.Intf.pas"/>
        <DCCReference Include="Web\Server\Fido.Web.Server.Intf.pas"/>
        <DCCReference Include="Web\Server\Fido.Web.Server.Resources.pas"/>
        <DCCReference Include="Fido.Consts.pas"/>
        <DCCReference Include="Fido.Exceptions.pas"/>
        <DCCReference Include="Fido.Mappers.pas"/>
        <DCCReference Include="Fido.Registration.pas"/>
        <DCCReference Include="Fido.Types.pas"/>
        <DCCReference Include="Fido.Utilities.pas"/>
        <DCCReference Include="Fido.VirtualInterface.pas"/>
        <DCCReference Include="Collections\Fido.Collections.PerThreadDictionary.pas"/>
        <DCCReference Include="Web\Server\WebSocket\Fido.Web.Server.WebSocket.Loop.Intf.pas"/>
        <DCCReference Include="Web\Server\WebSocket\Fido.Web.Server.WebSocket.Loop.Abstract.pas"/>
        <DCCReference Include="Web\Server\WebSocket\Fido.Web.Server.WebSocket.Tool.pas"/>
        <DCCReference Include="Fido.Types.TGuid.Variant.pas"/>
        <DCCReference Include="Logging\Fido.Logging.DeadManSwitch.pas"/>
        <DCCReference Include="Logging\Fido.Logging.Null.pas"/>
        <DCCReference Include="Logging\Fido.Logging.Types.pas"/>
        <DCCReference Include="Logging\Fido.Logging.Appenders.ElasticSearch.Authenticated.pas"/>
        <DCCReference Include="Logging\Fido.Logging.Utils.pas"/>
        <DCCReference Include="Fido.Containers.pas"/>
        <DCCReference Include="VirtualStatement\Fido.VirtualStatement.Intf.pas"/>
        <DCCReference Include="VirtualStatement\Fido.VirtualStatement.pas"/>
        <DCCReference Include="VirtualStatement\Fido.VirtualStatement.Attributes.pas"/>
        <DCCReference Include="VirtualStatement\Fido.VirtualStatement.Metadata.Intf.pas"/>
        <DCCReference Include="VirtualStatement\Fido.VirtualDto.Database.pas"/>
        <DCCReference Include="VirtualStatement\Fido.ValueEnumerator.Intf.pas"/>
        <DCCReference Include="VirtualStatement\Fido.ValueEnumerator.pas"/>
        <DCCReference Include="Fido.VirtualDto.Abstract.pas"/>
        <DCCReference Include="Json\Fido.JSON.Marshalling.pas"/>
        <DCCReference Include="Json\Fido.Json.Utilities.pas"/>
        <DCCReference Include="DesignPatterns\Fido.DesignPatterns.Adapter.DataSetAsReadonlyList.pas"/>
        <DCCReference Include="DesignPatterns\Fido.DesignPatterns.Adapter.JSonArrayAsReadonlyList.pas"/>
        <DCCReference Include="Json\Fido.JSON.Mapping.pas"/>
        <DCCReference Include="Fido.OwningObject.pas"/>
        <DCCReference Include="Collections\Fido.Collections.UpdateablePerThreadDictionary.pas"/>
        <DCCReference Include="Environment\Fido.Environment.Vault.Intf.pas"/>
        <DCCReference Include="Http\Fido.Http.RequestInfo.Intf.pas"/>
        <DCCReference Include="DesignPatterns\Fido.DesignPatterns.Adapter.TIdHTTPRequestInfoAsIHTTPRequestInfo.pas"/>
        <DCCReference Include="Http\Fido.Http.ResponseInfo.Intf.pas"/>
        <DCCReference Include="DesignPatterns\Fido.DesignPatterns.Adapter.TIdHTTPResponseInfoAsIHTTPResponseInfo.pas"/>
        <DCCReference Include="Api\Client\Fido.Api.Client.Exception.pas"/>
        <DCCReference Include="Api\Client\ElasticSearch\Fido.Api.Client.VirtualApi.ElasticSearch.Authenticated.Document.Intf.pas"/>
        <DCCReference Include="Api\Client\ElasticSearch\Fido.Api.Client.VirtualApi.ElasticSearch.Document.Intf.pas"/>
        <DCCReference Include="Api\Client\ElasticSearch\Dto\Fido.Api.Client.VirtualApi.Elasticsearch.Document.Dto.Request.pas"/>
        <DCCReference Include="Api\Client\ElasticSearch\Dto\Fido.Api.Client.VirtualApi.Elasticsearch.Document.Dto.Response.pas"/>
        <DCCReference Include="Api\Client\VirtualApi\Fido.Api.Client.VirtualApi.Abstract.pas"/>
        <DCCReference Include="Api\Client\VirtualApi\Fido.Api.Client.VirtualApi.Attributes.pas"/>
        <DCCReference Include="Api\Client\VirtualApi\Fido.Api.Client.VirtualApi.Call.pas"/>
        <DCCReference Include="Api\Client\VirtualApi\Fido.Api.Client.VirtualApi.Configuration.Intf.pas"/>
        <DCCReference Include="Api\Client\VirtualApi\Fido.Api.Client.VirtualApi.Configuration.pas"/>
        <DCCReference Include="Api\Client\VirtualApi\Fido.Api.Client.VirtualApi.Intf.pas"/>
        <DCCReference Include="Api\Client\VirtualApi\Fido.Api.Client.VirtualApi.json.pas"/>
        <DCCReference Include="Api\Client\VirtualApi\Fido.Api.Client.VirtualApi.Request.pas"/>
        <DCCReference Include="Api\Server\Fido.Api.Server.Exceptions.pas"/>
        <DCCReference Include="Api\Server\Fido.Api.Server.Indy.pas"/>
        <DCCReference Include="Api\Server\Fido.Api.Server.Intf.pas"/>
        <DCCReference Include="Api\Server\Resources\Fido.Api.Server.Resource.Attributes.pas"/>
        <DCCReference Include="Api\Server\Resources\JWTAuthorization\Fido.Api.Server.Resources.JWT.Types.pas"/>
        <DCCReference Include="Api\Server\Resources\JWTAuthorization\Fido.Api.Server.Resources.JWTAuthorization.Abstract.pas"/>
        <DCCReference Include="Api\Server\Resources\JWTAuthorization\Dto\Fido.Api.Server.Resources.JWT.Dto.Request.pas"/>
        <DCCReference Include="Db\Fido.Db.Connections.FireDac.pas"/>
        <DCCReference Include="Db\Fido.Db.ListDataset.pas"/>
        <DCCReference Include="Db\Fido.Db.Migrations.Model.Intf.pas"/>
        <DCCReference Include="Db\Fido.Db.Migrations.Model.pas"/>
        <DCCReference Include="Db\Fido.Db.Migrations.Repository.Intf.pas"/>
        <DCCReference Include="Db\Fido.Db.ScriptRunner.FireDac.pas"/>
        <DCCReference Include="Db\Fido.Db.ScriptRunner.Intf.pas"/>
        <DCCReference Include="Db\Fido.Db.StatementExecutor.FireDac.pas"/>
        <DCCReference Include="Db\Fido.Db.Transaction.Handler.Base.pas"/>
        <DCCReference Include="Db\Fido.Db.Transaction.Handler.Intf.pas"/>
        <DCCReference Include="Db\Fido.Db.Transaction.Intf.pas"/>
        <DCCReference Include="Db\Fido.Db.Transaction.pas"/>
        <DCCReference Include="Db\Fido.Db.Transactional.Intf.pas"/>
        <DCCReference Include="Db\Fido.Db.Transactional.pas"/>
        <DCCReference Include="Db\Fido.Db.TypeConverter.pas"/>
        <DCCReference Include="Db\Fido.Db.VirtualDataset.pas"/>
        <DCCReference Include="Db\Fido.Db.ListDatasets.pas"/>
        <DCCReference Include="Db\Fido.Db.DatasetFieldAttributes.Intf.pas"/>
        <DCCReference Include="Db\Fido.Db.DatasetFieldAttributes.pas"/>
        <DCCReference Include="Fido.Immutable.pas"/>
        <DCCReference Include="Web\Server\Fido.Web.Server.Null.pas"/>
        <BuildConfiguration Include="Base">
            <Key>Base</Key>
        </BuildConfiguration>
        <BuildConfiguration Include="Release">
            <Key>Cfg_1</Key>
            <CfgParent>Base</CfgParent>
        </BuildConfiguration>
        <BuildConfiguration Include="Debug">
            <Key>Cfg_2</Key>
            <CfgParent>Base</CfgParent>
        </BuildConfiguration>
    </ItemGroup>
    <ProjectExtensions>
        <Borland.Personality>Delphi.Personality.12</Borland.Personality>
        <Borland.ProjectType>Package</Borland.ProjectType>
        <BorlandProject>
            <Delphi.Personality>
                <Source>
                    <Source Name="MainSource">FidoCore.dpk</Source>
                </Source>
            </Delphi.Personality>
            <Platforms>
                <Platform value="Android">False</Platform>
                <Platform value="iOSDevice64">True</Platform>
                <Platform value="Win32">True</Platform>
                <Platform value="Win64">False</Platform>
            </Platforms>
        </BorlandProject>
        <ProjectFileVersion>12</ProjectFileVersion>
    </ProjectExtensions>
    <Import Project="$(BDS)\Bin\CodeGear.Delphi.Targets" Condition="Exists('$(BDS)\Bin\CodeGear.Delphi.Targets')"/>
    <Import Project="$(APPDATA)\Embarcadero\$(BDSAPPDATABASEDIR)\$(PRODUCTVERSION)\UserTools.proj" Condition="Exists('$(APPDATA)\Embarcadero\$(BDSAPPDATABASEDIR)\$(PRODUCTVERSION)\UserTools.proj')"/>
</Project>
